// !$*UTF8*$!
{
	archiveVersion = 1;
	classes = {
	};
	objectVersion = 77;
	objects = {

/* Begin PBXContainerItemProxy section */
		DE0D562B2DF3E5410033CF5A /* PBXContainerItemProxy */ = {
			isa = PBXContainerItemProxy;
			containerPortal = DE0D56092DF3E53F0033CF5A /* Project object */;
			proxyType = 1;
			remoteGlobalIDString = DE0D56102DF3E53F0033CF5A;
			remoteInfo = "PokemonLeafGreenApp-UIKit";
		};
		DE0D56352DF3E5410033CF5A /* PBXContainerItemProxy */ = {
			isa = PBXContainerItemProxy;
			containerPortal = DE0D56092DF3E53F0033CF5A /* Project object */;
			proxyType = 1;
			remoteGlobalIDString = DE0D56102DF3E53F0033CF5A;
			remoteInfo = "PokemonLeafGreenApp-UIKit";
		};
/* End PBXContainerItemProxy section */

/* Begin PBXFileReference section */
		DE0D56112DF3E53F0033CF5A /* PokemonLeafGreenApp-UIKit.app */ = {isa = PBXFileReference; explicitFileType = wrapper.application; includeInIndex = 0; path = "PokemonLeafGreenApp-UIKit.app"; sourceTree = BUILT_PRODUCTS_DIR; };
		DE0D562A2DF3E5410033CF5A /* PokemonLeafGreenApp-UIKitTests.xctest */ = {isa = PBXFileReference; explicitFileType = wrapper.cfbundle; includeInIndex = 0; path = "PokemonLeafGreenApp-UIKitTests.xctest"; sourceTree = BUILT_PRODUCTS_DIR; };
		DE0D56342DF3E5410033CF5A /* PokemonLeafGreenApp-UIKitUITests.xctest */ = {isa = PBXFileReference; explicitFileType = wrapper.cfbundle; includeInIndex = 0; path = "PokemonLeafGreenApp-UIKitUITests.xctest"; sourceTree = BUILT_PRODUCTS_DIR; };
/* End PBXFileReference section */

/* Begin PBXFileSystemSynchronizedBuildFileExceptionSet section */
		DE0D563C2DF3E5410033CF5A /* Exceptions for "PokemonLeafGreenApp-UIKit" folder in "PokemonLeafGreenApp-UIKit" target */ = {
			isa = PBXFileSystemSynchronizedBuildFileExceptionSet;
			membershipExceptions = (
				Info.plist,
			);
			target = DE0D56102DF3E53F0033CF5A /* PokemonLeafGreenApp-UIKit */;
		};
/* End PBXFileSystemSynchronizedBuildFileExceptionSet section */

/* Begin PBXFileSystemSynchronizedRootGroup section */
		DE0D56132DF3E53F0033CF5A /* PokemonLeafGreenApp-UIKit */ = {
			isa = PBXFileSystemSynchronizedRootGroup;
			exceptions = (
				DE0D563C2DF3E5410033CF5A /* Exceptions for "PokemonLeafGreenApp-UIKit" folder in "PokemonLeafGreenApp-UIKit" target */,
			);
			path = "PokemonLeafGreenApp-UIKit";
			sourceTree = "<group>";
		};
		DE0D562D2DF3E5410033CF5A /* PokemonLeafGreenApp-UIKitTests */ = {
			isa = PBXFileSystemSynchronizedRootGroup;
			path = "PokemonLeafGreenApp-UIKitTests";
			sourceTree = "<group>";
		};
		DE0D56372DF3E5410033CF5A /* PokemonLeafGreenApp-UIKitUITests */ = {
			isa = PBXFileSystemSynchronizedRootGroup;
			path = "PokemonLeafGreenApp-UIKitUITests";
			sourceTree = "<group>";
		};
/* End PBXFileSystemSynchronizedRootGroup section */

/* Begin PBXFrameworksBuildPhase section */
		DE0D560E2DF3E53F0033CF5A /* Frameworks */ = {
			isa = PBXFrameworksBuildPhase;
			buildActionMask = 2147483647;
			files = (
			);
			runOnlyForDeploymentPostprocessing = 0;
		};
		DE0D56272DF3E5410033CF5A /* Frameworks */ = {
			isa = PBXFrameworksBuildPhase;
			buildActionMask = 2147483647;
			files = (
			);
			runOnlyForDeploymentPostprocessing = 0;
		};
		DE0D56312DF3E5410033CF5A /* Frameworks */ = {
			isa = PBXFrameworksBuildPhase;
			buildActionMask = 2147483647;
			files = (
			);
			runOnlyForDeploymentPostprocessing = 0;
		};
/* End PBXFrameworksBuildPhase section */

/* Begin PBXGroup section */
		DE0D56082DF3E53F0033CF5A = {
			isa = PBXGroup;
			children = (
				DE0D56132DF3E53F0033CF5A /* PokemonLeafGreenApp-UIKit */,
				DE0D562D2DF3E5410033CF5A /* PokemonLeafGreenApp-UIKitTests */,
				DE0D56372DF3E5410033CF5A /* PokemonLeafGreenApp-UIKitUITests */,
				DE0D56122DF3E53F0033CF5A /* Products */,
			);
			sourceTree = "<group>";
		};
		DE0D56122DF3E53F0033CF5A /* Products */ = {
			isa = PBXGroup;
			children = (
				DE0D56112DF3E53F0033CF5A /* PokemonLeafGreenApp-UIKit.app */,
				DE0D562A2DF3E5410033CF5A /* PokemonLeafGreenApp-UIKitTests.xctest */,
				DE0D56342DF3E5410033CF5A /* PokemonLeafGreenApp-UIKitUITests.xctest */,
			);
			name = Products;
			sourceTree = "<group>";
		};
/* End PBXGroup section */

/* Begin PBXNativeTarget section */
		DE0D56102DF3E53F0033CF5A /* PokemonLeafGreenApp-UIKit */ = {
			isa = PBXNativeTarget;
			buildConfigurationList = DE0D563D2DF3E5410033CF5A /* Build configuration list for PBXNativeTarget "PokemonLeafGreenApp-UIKit" */;
			buildPhases = (
				DE0D560D2DF3E53F0033CF5A /* Sources */,
				DE0D560E2DF3E53F0033CF5A /* Frameworks */,
				DE0D560F2DF3E53F0033CF5A /* Resources */,
			);
			buildRules = (
			);
			dependencies = (
			);
			fileSystemSynchronizedGroups = (
				DE0D56132DF3E53F0033CF5A /* PokemonLeafGreenApp-UIKit */,
			);
			name = "PokemonLeafGreenApp-UIKit";
			packageProductDependencies = (
			);
			productName = "PokemonLeafGreenApp-UIKit";
			productReference = DE0D56112DF3E53F0033CF5A /* PokemonLeafGreenApp-UIKit.app */;
			productType = "com.apple.product-type.application";
		};
		DE0D56292DF3E5410033CF5A /* PokemonLeafGreenApp-UIKitTests */ = {
			isa = PBXNativeTarget;
			buildConfigurationList = DE0D56422DF3E5410033CF5A /* Build configuration list for PBXNativeTarget "PokemonLeafGreenApp-UIKitTests" */;
			buildPhases = (
				DE0D56262DF3E5410033CF5A /* Sources */,
				DE0D56272DF3E5410033CF5A /* Frameworks */,
				DE0D56282DF3E5410033CF5A /* Resources */,
			);
			buildRules = (
			);
			dependencies = (
				DE0D562C2DF3E5410033CF5A /* PBXTargetDependency */,
			);
			fileSystemSynchronizedGroups = (
				DE0D562D2DF3E5410033CF5A /* PokemonLeafGreenApp-UIKitTests */,
			);
			name = "PokemonLeafGreenApp-UIKitTests";
			packageProductDependencies = (
			);
			productName = "PokemonLeafGreenApp-UIKitTests";
			productReference = DE0D562A2DF3E5410033CF5A /* PokemonLeafGreenApp-UIKitTests.xctest */;
			productType = "com.apple.product-type.bundle.unit-test";
		};
		DE0D56332DF3E5410033CF5A /* PokemonLeafGreenApp-UIKitUITests */ = {
			isa = PBXNativeTarget;
			buildConfigurationList = DE0D56452DF3E5410033CF5A /* Build configuration list for PBXNativeTarget "PokemonLeafGreenApp-UIKitUITests" */;
			buildPhases = (
				DE0D56302DF3E5410033CF5A /* Sources */,
				DE0D56312DF3E5410033CF5A /* Frameworks */,
				DE0D56322DF3E5410033CF5A /* Resources */,
			);
			buildRules = (
			);
			dependencies = (
				DE0D56362DF3E5410033CF5A /* PBXTargetDependency */,
			);
			fileSystemSynchronizedGroups = (
				DE0D56372DF3E5410033CF5A /* PokemonLeafGreenApp-UIKitUITests */,
			);
			name = "PokemonLeafGreenApp-UIKitUITests";
			packageProductDependencies = (
			);
			productName = "PokemonLeafGreenApp-UIKitUITests";
			productReference = DE0D56342DF3E5410033CF5A /* PokemonLeafGreenApp-UIKitUITests.xctest */;
			productType = "com.apple.product-type.bundle.ui-testing";
		};
/* End PBXNativeTarget section */

/* Begin PBXProject section */
		DE0D56092DF3E53F0033CF5A /* Project object */ = {
			isa = PBXProject;
			attributes = {
				BuildIndependentTargetsInParallel = 1;
				LastSwiftUpdateCheck = 1630;
				LastUpgradeCheck = 1630;
				TargetAttributes = {
					DE0D56102DF3E53F0033CF5A = {
						CreatedOnToolsVersion = 16.3;
					};
					DE0D56292DF3E5410033CF5A = {
						CreatedOnToolsVersion = 16.3;
						TestTargetID = DE0D56102DF3E53F0033CF5A;
					};
					DE0D56332DF3E5410033CF5A = {
						CreatedOnToolsVersion = 16.3;
						TestTargetID = DE0D56102DF3E53F0033CF5A;
					};
				};
			};
			buildConfigurationList = DE0D560C2DF3E53F0033CF5A /* Build configuration list for PBXProject "PokemonLeafGreenApp-UIKit" */;
			developmentRegion = en;
			hasScannedForEncodings = 0;
			knownRegions = (
				en,
				Base,
			);
			mainGroup = DE0D56082DF3E53F0033CF5A;
			minimizedProjectReferenceProxies = 1;
			preferredProjectObjectVersion = 77;
			productRefGroup = DE0D56122DF3E53F0033CF5A /* Products */;
			projectDirPath = "";
			projectRoot = "";
			targets = (
				DE0D56102DF3E53F0033CF5A /* PokemonLeafGreenApp-UIKit */,
				DE0D56292DF3E5410033CF5A /* PokemonLeafGreenApp-UIKitTests */,
				DE0D56332DF3E5410033CF5A /* PokemonLeafGreenApp-UIKitUITests */,
			);
		};
/* End PBXProject section */

/* Begin PBXResourcesBuildPhase section */
		DE0D560F2DF3E53F0033CF5A /* Resources */ = {
			isa = PBXResourcesBuildPhase;
			buildActionMask = 2147483647;
			files = (
			);
			runOnlyForDeploymentPostprocessing = 0;
		};
		DE0D56282DF3E5410033CF5A /* Resources */ = {
			isa = PBXResourcesBuildPhase;
			buildActionMask = 2147483647;
			files = (
			);
			runOnlyForDeploymentPostprocessing = 0;
		};
		DE0D56322DF3E5410033CF5A /* Resources */ = {
			isa = PBXResourcesBuildPhase;
			buildActionMask = 2147483647;
			files = (
			);
			runOnlyForDeploymentPostprocessing = 0;
		};
/* End PBXResourcesBuildPhase section */

/* Begin PBXSourcesBuildPhase section */
		DE0D560D2DF3E53F0033CF5A /* Sources */ = {
			isa = PBXSourcesBuildPhase;
			buildActionMask = 2147483647;
			files = (
			);
			runOnlyForDeploymentPostprocessing = 0;
		};
		DE0D56262DF3E5410033CF5A /* Sources */ = {
			isa = PBXSourcesBuildPhase;
			buildActionMask = 2147483647;
			files = (
			);
			runOnlyForDeploymentPostprocessing = 0;
		};
		DE0D56302DF3E5410033CF5A /* Sources */ = {
			isa = PBXSourcesBuildPhase;
			buildActionMask = 2147483647;
			files = (
			);
			runOnlyForDeploymentPostprocessing = 0;
		};
/* End PBXSourcesBuildPhase section */

/* Begin PBXTargetDependency section */
		DE0D562C2DF3E5410033CF5A /* PBXTargetDependency */ = {
			isa = PBXTargetDependency;
			target = DE0D56102DF3E53F0033CF5A /* PokemonLeafGreenApp-UIKit */;
			targetProxy = DE0D562B2DF3E5410033CF5A /* PBXContainerItemProxy */;
		};
		DE0D56362DF3E5410033CF5A /* PBXTargetDependency */ = {
			isa = PBXTargetDependency;
			target = DE0D56102DF3E53F0033CF5A /* PokemonLeafGreenApp-UIKit */;
			targetProxy = DE0D56352DF3E5410033CF5A /* PBXContainerItemProxy */;
		};
/* End PBXTargetDependency section */

/* Begin XCBuildConfiguration section */
		DE0D563E2DF3E5410033CF5A /* Debug */ = {
			isa = XCBuildConfiguration;
			buildSettings = {
				ASSETCATALOG_COMPILER_APPICON_NAME = AppIcon;
				ASSETCATALOG_COMPILER_GLOBAL_ACCENT_COLOR_NAME = AccentColor;
				CODE_SIGN_STYLE = Automatic;
				CURRENT_PROJECT_VERSION = 1;
				DEVELOPMENT_TEAM = JLG3WY5MXG;
				GENERATE_INFOPLIST_FILE = YES;
				INFOPLIST_FILE = "PokemonLeafGreenApp-UIKit/Info.plist";
				INFOPLIST_KEY_UIApplicationSupportsIndirectInputEvents = YES;
				INFOPLIST_KEY_UILaunchStoryboardName = LaunchScreen;
				INFOPLIST_KEY_UIMainStoryboardFile = Main;
				INFOPLIST_KEY_UISupportedInterfaceOrientations_iPad = "UIInterfaceOrientationPortrait UIInterfaceOrientationPortraitUpsideDown UIInterfaceOrientationLandscapeLeft UIInterfaceOrientationLandscapeRight";
				INFOPLIST_KEY_UISupportedInterfaceOrientations_iPhone = "UIInterfaceOrientationPortrait UIInterfaceOrientationLandscapeLeft UIInterfaceOrientationLandscapeRight";
				LD_RUNPATH_SEARCH_PATHS = (
					"$(inherited)",
					"@executable_path/Frameworks",
				);
				MARKETING_VERSION = 1.0;
				PRODUCT_BUNDLE_IDENTIFIER = "ameerbajwa.PokemonLeafGreenApp-UIKit";
				PRODUCT_NAME = "$(TARGET_NAME)";
				SWIFT_EMIT_LOC_STRINGS = YES;
				SWIFT_VERSION = 5.0;
				TARGETED_DEVICE_FAMILY = "1,2";
			};
			name = Debug;
		};
		DE0D563F2DF3E5410033CF5A /* Release */ = {
			isa = XCBuildConfiguration;
			buildSettings = {
				ASSETCATALOG_COMPILER_APPICON_NAME = AppIcon;
				ASSETCATALOG_COMPILER_GLOBAL_ACCENT_COLOR_NAME = AccentColor;
				CODE_SIGN_STYLE = Automatic;
				CURRENT_PROJECT_VERSION = 1;
				DEVELOPMENT_TEAM = JLG3WY5MXG;
				GENERATE_INFOPLIST_FILE = YES;
				INFOPLIST_FILE = "PokemonLeafGreenApp-UIKit/Info.plist";
				INFOPLIST_KEY_UIApplicationSupportsIndirectInputEvents = YES;
				INFOPLIST_KEY_UILaunchStoryboardName = LaunchScreen;
				INFOPLIST_KEY_UIMainStoryboardFile = Main;
				INFOPLIST_KEY_UISupportedInterfaceOrientations_iPad = "UIInterfaceOrientationPortrait UIInterfaceOrientationPortraitUpsideDown UIInterfaceOrientationLandscapeLeft UIInterfaceOrientationLandscapeRight";
				INFOPLIST_KEY_UISupportedInterfaceOrientations_iPhone = "UIInterfaceOrientationPortrait UIInterfaceOrientationLandscapeLeft UIInterfaceOrientationLandscapeRight";
				LD_RUNPATH_SEARCH_PATHS = (
					"$(inherited)",
					"@executable_path/Frameworks",
				);
				MARKETING_VERSION = 1.0;
				PRODUCT_BUNDLE_IDENTIFIER = "ameerbajwa.PokemonLeafGreenApp-UIKit";
				PRODUCT_NAME = "$(TARGET_NAME)";
				SWIFT_EMIT_LOC_STRINGS = YES;
				SWIFT_VERSION = 5.0;
				TARGETED_DEVICE_FAMILY = "1,2";
			};
			name = Release;
		};
		DE0D56402DF3E5410033CF5A /* Debug */ = {
			isa = XCBuildConfiguration;
			buildSettings = {
				ALWAYS_SEARCH_USER_PATHS = NO;
				ASSETCATALOG_COMPILER_GENERATE_SWIFT_ASSET_SYMBOL_EXTENSIONS = YES;
				CLANG_ANALYZER_NONNULL = YES;
				CLANG_ANALYZER_NUMBER_OBJECT_CONVERSION = YES_AGGRESSIVE;
				CLANG_CXX_LANGUAGE_STANDARD = "gnu++20";
				CLANG_ENABLE_MODULES = YES;
				CLANG_ENABLE_OBJC_ARC = YES;
				CLANG_ENABLE_OBJC_WEAK = YES;
				CLANG_WARN_BLOCK_CAPTURE_AUTORELEASING = YES;
				CLANG_WARN_BOOL_CONVERSION = YES;
				CLANG_WARN_COMMA = YES;
				CLANG_WARN_CONSTANT_CONVERSION = YES;
				CLANG_WARN_DEPRECATED_OBJC_IMPLEMENTATIONS = YES;
				CLANG_WARN_DIRECT_OBJC_ISA_USAGE = YES_ERROR;
				CLANG_WARN_DOCUMENTATION_COMMENTS = YES;
				CLANG_WARN_EMPTY_BODY = YES;
				CLANG_WARN_ENUM_CONVERSION = YES;
				CLANG_WARN_INFINITE_RECURSION = YES;
				CLANG_WARN_INT_CONVERSION = YES;
				CLANG_WARN_NON_LITERAL_NULL_CONVERSION = YES;
				CLANG_WARN_OBJC_IMPLICIT_RETAIN_SELF = YES;
				CLANG_WARN_OBJC_LITERAL_CONVERSION = YES;
				CLANG_WARN_OBJC_ROOT_CLASS = YES_ERROR;
				CLANG_WARN_QUOTED_INCLUDE_IN_FRAMEWORK_HEADER = YES;
				CLANG_WARN_RANGE_LOOP_ANALYSIS = YES;
				CLANG_WARN_STRICT_PROTOTYPES = YES;
				CLANG_WARN_SUSPICIOUS_MOVE = YES;
				CLANG_WARN_UNGUARDED_AVAILABILITY = YES_AGGRESSIVE;
				CLANG_WARN_UNREACHABLE_CODE = YES;
				CLANG_WARN__DUPLICATE_METHOD_MATCH = YES;
				COPY_PHASE_STRIP = NO;
				DEBUG_INFORMATION_FORMAT = dwarf;
				DEVELOPMENT_TEAM = JLG3WY5MXG;
				ENABLE_STRICT_OBJC_MSGSEND = YES;
				ENABLE_TESTABILITY = YES;
				ENABLE_USER_SCRIPT_SANDBOXING = YES;
				GCC_C_LANGUAGE_STANDARD = gnu17;
				GCC_DYNAMIC_NO_PIC = NO;
				GCC_NO_COMMON_BLOCKS = YES;
				GCC_OPTIMIZATION_LEVEL = 0;
				GCC_PREPROCESSOR_DEFINITIONS = (
					"DEBUG=1",
					"$(inherited)",
				);
				GCC_WARN_64_TO_32_BIT_CONVERSION = YES;
				GCC_WARN_ABOUT_RETURN_TYPE = YES_ERROR;
				GCC_WARN_UNDECLARED_SELECTOR = YES;
				GCC_WARN_UNINITIALIZED_AUTOS = YES_AGGRESSIVE;
				GCC_WARN_UNUSED_FUNCTION = YES;
				GCC_WARN_UNUSED_VARIABLE = YES;
				IPHONEOS_DEPLOYMENT_TARGET = 18.4;
				LOCALIZATION_PREFERS_STRING_CATALOGS = YES;
				MTL_ENABLE_DEBUG_INFO = INCLUDE_SOURCE;
				MTL_FAST_MATH = YES;
				ONLY_ACTIVE_ARCH = YES;
				SDKROOT = iphoneos;
				SWIFT_ACTIVE_COMPILATION_CONDITIONS = "DEBUG $(inherited)";
				SWIFT_OPTIMIZATION_LEVEL = "-Onone";
			};
			name = Debug;
		};
		DE0D56412DF3E5410033CF5A /* Release */ = {
			isa = XCBuildConfiguration;
			buildSettings = {
				ALWAYS_SEARCH_USER_PATHS = NO;
				ASSETCATALOG_COMPILER_GENERATE_SWIFT_ASSET_SYMBOL_EXTENSIONS = YES;
				CLANG_ANALYZER_NONNULL = YES;
				CLANG_ANALYZER_NUMBER_OBJECT_CONVERSION = YES_AGGRESSIVE;
				CLANG_CXX_LANGUAGE_STANDARD = "gnu++20";
				CLANG_ENABLE_MODULES = YES;
				CLANG_ENABLE_OBJC_ARC = YES;
				CLANG_ENABLE_OBJC_WEAK = YES;
				CLANG_WARN_BLOCK_CAPTURE_AUTORELEASING = YES;
				CLANG_WARN_BOOL_CONVERSION = YES;
				CLANG_WARN_COMMA = YES;
				CLANG_WARN_CONSTANT_CONVERSION = YES;
				CLANG_WARN_DEPRECATED_OBJC_IMPLEMENTATIONS = YES;
				CLANG_WARN_DIRECT_OBJC_ISA_USAGE = YES_ERROR;
				CLANG_WARN_DOCUMENTATION_COMMENTS = YES;
				CLANG_WARN_EMPTY_BODY = YES;
				CLANG_WARN_ENUM_CONVERSION = YES;
				CLANG_WARN_INFINITE_RECURSION = YES;
				CLANG_WARN_INT_CONVERSION = YES;
				CLANG_WARN_NON_LITERAL_NULL_CONVERSION = YES;
				CLANG_WARN_OBJC_IMPLICIT_RETAIN_SELF = YES;
				CLANG_WARN_OBJC_LITERAL_CONVERSION = YES;
				CLANG_WARN_OBJC_ROOT_CLASS = YES_ERROR;
				CLANG_WARN_QUOTED_INCLUDE_IN_FRAMEWORK_HEADER = YES;
				CLANG_WARN_RANGE_LOOP_ANALYSIS = YES;
				CLANG_WARN_STRICT_PROTOTYPES = YES;
				CLANG_WARN_SUSPICIOUS_MOVE = YES;
				CLANG_WARN_UNGUARDED_AVAILABILITY = YES_AGGRESSIVE;
				CLANG_WARN_UNREACHABLE_CODE = YES;
				CLANG_WARN__DUPLICATE_METHOD_MATCH = YES;
				COPY_PHASE_STRIP = NO;
				DEBUG_INFORMATION_FORMAT = "dwarf-with-dsym";
				DEVELOPMENT_TEAM = JLG3WY5MXG;
				ENABLE_NS_ASSERTIONS = NO;
				ENABLE_STRICT_OBJC_MSGSEND = YES;
				ENABLE_USER_SCRIPT_SANDBOXING = YES;
				GCC_C_LANGUAGE_STANDARD = gnu17;
				GCC_NO_COMMON_BLOCKS = YES;
				GCC_WARN_64_TO_32_BIT_CONVERSION = YES;
				GCC_WARN_ABOUT_RETURN_TYPE = YES_ERROR;
				GCC_WARN_UNDECLARED_SELECTOR = YES;
				GCC_WARN_UNINITIALIZED_AUTOS = YES_AGGRESSIVE;
				GCC_WARN_UNUSED_FUNCTION = YES;
				GCC_WARN_UNUSED_VARIABLE = YES;
				IPHONEOS_DEPLOYMENT_TARGET = 18.4;
				LOCALIZATION_PREFERS_STRING_CATALOGS = YES;
				MTL_ENABLE_DEBUG_INFO = NO;
				MTL_FAST_MATH = YES;
				SDKROOT = iphoneos;
				SWIFT_COMPILATION_MODE = wholemodule;
				VALIDATE_PRODUCT = YES;
			};
			name = Release;
		};
		DE0D56432DF3E5410033CF5A /* Debug */ = {
			isa = XCBuildConfiguration;
			buildSettings = {
				BUNDLE_LOADER = "$(TEST_HOST)";
				CODE_SIGN_STYLE = Automatic;
				CURRENT_PROJECT_VERSION = 1;
				DEVELOPMENT_TEAM = JLG3WY5MXG;
				GENERATE_INFOPLIST_FILE = YES;
				IPHONEOS_DEPLOYMENT_TARGET = 18.4;
				MARKETING_VERSION = 1.0;
				PRODUCT_BUNDLE_IDENTIFIER = "ameerbajwa.PokemonLeafGreenApp-UIKitTests";
				PRODUCT_NAME = "$(TARGET_NAME)";
				SWIFT_EMIT_LOC_STRINGS = NO;
				SWIFT_VERSION = 5.0;
				TARGETED_DEVICE_FAMILY = "1,2";
				TEST_HOST = "$(BUILT_PRODUCTS_DIR)/PokemonLeafGreenApp-UIKit.app/$(BUNDLE_EXECUTABLE_FOLDER_PATH)/PokemonLeafGreenApp-UIKit";
			};
			name = Debug;
		};
		DE0D56442DF3E5410033CF5A /* Release */ = {
			isa = XCBuildConfiguration;
			buildSettings = {
				BUNDLE_LOADER = "$(TEST_HOST)";
				CODE_SIGN_STYLE = Automatic;
				CURRENT_PROJECT_VERSION = 1;
				DEVELOPMENT_TEAM = JLG3WY5MXG;
				GENERATE_INFOPLIST_FILE = YES;
				IPHONEOS_DEPLOYMENT_TARGET = 18.4;
				MARKETING_VERSION = 1.0;
				PRODUCT_BUNDLE_IDENTIFIER = "ameerbajwa.PokemonLeafGreenApp-UIKitTests";
				PRODUCT_NAME = "$(TARGET_NAME)";
				SWIFT_EMIT_LOC_STRINGS = NO;
				SWIFT_VERSION = 5.0;
				TARGETED_DEVICE_FAMILY = "1,2";
				TEST_HOST = "$(BUILT_PRODUCTS_DIR)/PokemonLeafGreenApp-UIKit.app/$(BUNDLE_EXECUTABLE_FOLDER_PATH)/PokemonLeafGreenApp-UIKit";
			};
			name = Release;
		};
		DE0D56462DF3E5410033CF5A /* Debug */ = {
			isa = XCBuildConfiguration;
			buildSettings = {
				CODE_SIGN_STYLE = Automatic;
				CURRENT_PROJECT_VERSION = 1;
				DEVELOPMENT_TEAM = JLG3WY5MXG;
				GENERATE_INFOPLIST_FILE = YES;
				MARKETING_VERSION = 1.0;
				PRODUCT_BUNDLE_IDENTIFIER = "ameerbajwa.PokemonLeafGreenApp-UIKitUITests";
				PRODUCT_NAME = "$(TARGET_NAME)";
				SWIFT_EMIT_LOC_STRINGS = NO;
				SWIFT_VERSION = 5.0;
				TARGETED_DEVICE_FAMILY = "1,2";
				TEST_TARGET_NAME = "PokemonLeafGreenApp-UIKit";
			};
			name = Debug;
		};
		DE0D56472DF3E5410033CF5A /* Release */ = {
			isa = XCBuildConfiguration;
			buildSettings = {
				CODE_SIGN_STYLE = Automatic;
				CURRENT_PROJECT_VERSION = 1;
				DEVELOPMENT_TEAM = JLG3WY5MXG;
				GENERATE_INFOPLIST_FILE = YES;
				MARKETING_VERSION = 1.0;
				PRODUCT_BUNDLE_IDENTIFIER = "ameerbajwa.PokemonLeafGreenApp-UIKitUITests";
				PRODUCT_NAME = "$(TARGET_NAME)";
				SWIFT_EMIT_LOC_STRINGS = NO;
				SWIFT_VERSION = 5.0;
				TARGETED_DEVICE_FAMILY = "1,2";
				TEST_TARGET_NAME = "PokemonLeafGreenApp-UIKit";
			};
			name = Release;
		};
/* End XCBuildConfiguration section */

/* Begin XCConfigurationList section */
		DE0D560C2DF3E53F0033CF5A /* Build configuration list for PBXProject "PokemonLeafGreenApp-UIKit" */ = {
			isa = XCConfigurationList;
			buildConfigurations = (
				DE0D56402DF3E5410033CF5A /* Debug */,
				DE0D56412DF3E5410033CF5A /* Release */,
			);
			defaultConfigurationIsVisible = 0;
			defaultConfigurationName = Release;
		};
		DE0D563D2DF3E5410033CF5A /* Build configuration list for PBXNativeTarget "PokemonLeafGreenApp-UIKit" */ = {
			isa = XCConfigurationList;
			buildConfigurations = (
				DE0D563E2DF3E5410033CF5A /* Debug */,
				DE0D563F2DF3E5410033CF5A /* Release */,
			);
			defaultConfigurationIsVisible = 0;
			defaultConfigurationName = Release;
		};
		DE0D56422DF3E5410033CF5A /* Build configuration list for PBXNativeTarget "PokemonLeafGreenApp-UIKitTests" */ = {
			isa = XCConfigurationList;
			buildConfigurations = (
				DE0D56432DF3E5410033CF5A /* Debug */,
				DE0D56442DF3E5410033CF5A /* Release */,
			);
			defaultConfigurationIsVisible = 0;
			defaultConfigurationName = Release;
		};
		DE0D56452DF3E5410033CF5A /* Build configuration list for PBXNativeTarget "PokemonLeafGreenApp-UIKitUITests" */ = {
			isa = XCConfigurationList;
			buildConfigurations = (
				DE0D56462DF3E5410033CF5A /* Debug */,
				DE0D56472DF3E5410033CF5A /* Release */,
			);
			defaultConfigurationIsVisible = 0;
			defaultConfigurationName = Release;
		};
/* End XCConfigurationList section */
	};
	rootObject = DE0D56092DF3E53F0033CF5A /* Project object */;
}
